
Microsoft Visual Studio Solution File, Format Version 12.00
# Visual Studio Version 17
VisualStudioVersion = 17.4.33213.308
MinimumVisualStudioVersion = 10.0.40219.1
Project("{9A19103F-16F7-4668-BE54-9A1E7A4F7556}") = "ColoredRectangle", "ColoredRectangle\ColoredRectangle.csproj", "{A430F1CF-6FA1-4283-B4F9-48CE97AA262E}"
EndProject
Project("{FAE04EC0-301F-11D3-BF4B-00C04F79EFBC}") = "TestColoredRectangle", "TestColoredRectangle\TestColoredRectangle.csproj", "{1C474898-2532-41AD-AE59-07A369FB1015}"
EndProject
Global
	GlobalSection(SolutionConfigurationPlatforms) = preSolution
		Debug|Any CPU = Debug|Any CPU
		Release|Any CPU = Release|Any CPU
	EndGlobalSection
	GlobalSection(ProjectConfigurationPlatforms) = postSolution
		{A430F1CF-6FA1-4283-B4F9-48CE97AA262E}.Debug|Any CPU.ActiveCfg = Debug|Any CPU
		{A430F1CF-6FA1-4283-B4F9-48CE97AA262E}.Debug|Any CPU.Build.0 = Debug|Any CPU
		{A430F1CF-6FA1-4283-B4F9-48CE97AA262E}.Release|Any CPU.ActiveCfg = Release|Any CPU
		{A430F1CF-6FA1-4283-B4F9-48CE97AA262E}.Release|Any CPU.Build.0 = Release|Any CPU
		{1C474898-2532-41AD-AE59-07A369FB1015}.Debug|Any CPU.ActiveCfg = Debug|Any CPU
		{1C474898-2532-41AD-AE59-07A369FB1015}.Debug|Any CPU.Build.0 = Debug|Any CPU
		{1C474898-2532-41AD-AE59-07A369FB1015}.Release|Any CPU.ActiveCfg = Release|Any CPU
		{1C474898-2532-41AD-AE59-07A369FB1015}.Release|Any CPU.Build.0 = Release|Any CPU
	EndGlobalSection
	GlobalSection(SolutionProperties) = preSolution
		HideSolutionNode = FALSE
	EndGlobalSection
	GlobalSection(ExtensibilityGlobals) = postSolution
		SolutionGuid = {ABA2CD41-E577-43E1-904D-E0A5518AAFBC}
	EndGlobalSection
EndGlobal
